
Microsoft Visual Studio Solution File, Format Version 12.00
# Visual Studio Version 17
VisualStudioVersion = 17.8.34330.188
MinimumVisualStudioVersion = 10.0.40219.1
Project("{8BC9CEB8-8B4A-11D0-8D11-00A0C91BC942}") = "Project1", "Project1.vcxproj", "{FD790A1A-4785-42BC-88F8-6F8632217E41}"
EndProject
Project("{8BC9CEB8-8B4A-11D0-8D11-00A0C91BC942}") = "class2th (Double Buffering)", "..\class2th (Double Buffering)\class2th (Double Buffering).vcxproj", "{513680EC-1C8D-4B26-B4BD-E91E303BA7BA}"
EndProject
Project("{8BC9CEB8-8B4A-11D0-8D11-00A0C91BC942}") = "class3th (Maze Game)", "..\class3th (Maze Game)\class3th (Maze Game).vcxproj", "{7D69139E-0E41-4552-8063-502AE63D4762}"
EndProject
Project("{8BC9CEB8-8B4A-11D0-8D11-00A0C91BC942}") = "Class4th (File input and Output)", "..\Class4th (File input and Output)\Class4th (File input and Output).vcxproj", "{60068675-6259-4ECB-823B-4A5E1F5E454B}"
EndProject
Global
	GlobalSection(SolutionConfigurationPlatforms) = preSolution
		Debug|x64 = Debug|x64
		Debug|x86 = Debug|x86
		Release|x64 = Release|x64
		Release|x86 = Release|x86
	EndGlobalSection
	GlobalSection(ProjectConfigurationPlatforms) = postSolution
		{FD790A1A-4785-42BC-88F8-6F8632217E41}.Debug|x64.ActiveCfg = Debug|x64
		{FD790A1A-4785-42BC-88F8-6F8632217E41}.Debug|x64.Build.0 = Debug|x64
		{FD790A1A-4785-42BC-88F8-6F8632217E41}.Debug|x86.ActiveCfg = Debug|Win32
		{FD790A1A-4785-42BC-88F8-6F8632217E41}.Debug|x86.Build.0 = Debug|Win32
		{FD790A1A-4785-42BC-88F8-6F8632217E41}.Release|x64.ActiveCfg = Release|x64
		{FD790A1A-4785-42BC-88F8-6F8632217E41}.Release|x64.Build.0 = Release|x64
		{FD790A1A-4785-42BC-88F8-6F8632217E41}.Release|x86.ActiveCfg = Release|Win32
		{FD790A1A-4785-42BC-88F8-6F8632217E41}.Release|x86.Build.0 = Release|Win32
		{513680EC-1C8D-4B26-B4BD-E91E303BA7BA}.Debug|x64.ActiveCfg = Debug|x64
		{513680EC-1C8D-4B26-B4BD-E91E303BA7BA}.Debug|x64.Build.0 = Debug|x64
		{513680EC-1C8D-4B26-B4BD-E91E303BA7BA}.Debug|x86.ActiveCfg = Debug|Win32
		{513680EC-1C8D-4B26-B4BD-E91E303BA7BA}.Debug|x86.Build.0 = Debug|Win32
		{513680EC-1C8D-4B26-B4BD-E91E303BA7BA}.Release|x64.ActiveCfg = Release|x64
		{513680EC-1C8D-4B26-B4BD-E91E303BA7BA}.Release|x64.Build.0 = Release|x64
		{513680EC-1C8D-4B26-B4BD-E91E303BA7BA}.Release|x86.ActiveCfg = Release|Win32
		{513680EC-1C8D-4B26-B4BD-E91E303BA7BA}.Release|x86.Build.0 = Release|Win32
		{7D69139E-0E41-4552-8063-502AE63D4762}.Debug|x64.ActiveCfg = Debug|x64
		{7D69139E-0E41-4552-8063-502AE63D4762}.Debug|x64.Build.0 = Debug|x64
		{7D69139E-0E41-4552-8063-502AE63D4762}.Debug|x86.ActiveCfg = Debug|Win32
		{7D69139E-0E41-4552-8063-502AE63D4762}.Debug|x86.Build.0 = Debug|Win32
		{7D69139E-0E41-4552-8063-502AE63D4762}.Release|x64.ActiveCfg = Release|x64
		{7D69139E-0E41-4552-8063-502AE63D4762}.Release|x64.Build.0 = Release|x64
		{7D69139E-0E41-4552-8063-502AE63D4762}.Release|x86.ActiveCfg = Release|Win32
		{7D69139E-0E41-4552-8063-502AE63D4762}.Release|x86.Build.0 = Release|Win32
		{60068675-6259-4ECB-823B-4A5E1F5E454B}.Debug|x64.ActiveCfg = Debug|x64
		{60068675-6259-4ECB-823B-4A5E1F5E454B}.Debug|x64.Build.0 = Debug|x64
		{60068675-6259-4ECB-823B-4A5E1F5E454B}.Debug|x86.ActiveCfg = Debug|Win32
		{60068675-6259-4ECB-823B-4A5E1F5E454B}.Debug|x86.Build.0 = Debug|Win32
		{60068675-6259-4ECB-823B-4A5E1F5E454B}.Release|x64.ActiveCfg = Release|x64
		{60068675-6259-4ECB-823B-4A5E1F5E454B}.Release|x64.Build.0 = Release|x64
		{60068675-6259-4ECB-823B-4A5E1F5E454B}.Release|x86.ActiveCfg = Release|Win32
		{60068675-6259-4ECB-823B-4A5E1F5E454B}.Release|x86.Build.0 = Release|Win32
	EndGlobalSection
	GlobalSection(SolutionProperties) = preSolution
		HideSolutionNode = FALSE
	EndGlobalSection
	GlobalSection(ExtensibilityGlobals) = postSolution
		SolutionGuid = {A88D4ACB-2BD2-4C7C-AD99-22F1C9EF98D8}
	EndGlobalSection
EndGlobal
